// !$*UTF8*$!
{
	archiveVersion = 1;
	classes = {
	};
	objectVersion = 46;
	objects = {

/* Begin PBXBuildFile section */
		8EC453ED1F74E1B1008FD85E /* main.m in Sources */ = {isa = PBXBuildFile; fileRef = 8EC453EC1F74E1B1008FD85E /* main.m */; };
		8EC453F01F74E1B1008FD85E /* AppDelegate.m in Sources */ = {isa = PBXBuildFile; fileRef = 8EC453EF1F74E1B1008FD85E /* AppDelegate.m */; };
		8EC453F31F74E1B1008FD85E /* ViewController.m in Sources */ = {isa = PBXBuildFile; fileRef = 8EC453F21F74E1B1008FD85E /* ViewController.m */; };
		8EC453F61F74E1B1008FD85E /* Main.storyboard in Resources */ = {isa = PBXBuildFile; fileRef = 8EC453F41F74E1B1008FD85E /* Main.storyboard */; };
		8EC453F81F74E1B1008FD85E /* Assets.xcassets in Resources */ = {isa = PBXBuildFile; fileRef = 8EC453F71F74E1B1008FD85E /* Assets.xcassets */; };
		8EC453FB1F74E1B2008FD85E /* LaunchScreen.storyboard in Resources */ = {isa = PBXBuildFile; fileRef = 8EC453F91F74E1B2008FD85E /* LaunchScreen.storyboard */; };
		8EC455E31F7501B0008FD85E /* .project in Resources */ = {isa = PBXBuildFile; fileRef = 8EC455DD1F7501B0008FD85E /* .project */; };
		8EC455E51F7501B0008FD85E /* index.html in Resources */ = {isa = PBXBuildFile; fileRef = 8EC455E11F7501B0008FD85E /* index.html */; };
		8EC455EF1F75086A008FD85E /* img in Resources */ = {isa = PBXBuildFile; fileRef = 8EC455EE1F75086A008FD85E /* img */; };
		8EC455F41F7A1E91008FD85E /* NextViewController.m in Sources */ = {isa = PBXBuildFile; fileRef = 8EC455F31F7A1E90008FD85E /* NextViewController.m */; };
		8EC455F71F7A2684008FD85E /* CustomView.m in Sources */ = {isa = PBXBuildFile; fileRef = 8EC455F61F7A2684008FD85E /* CustomView.m */; };
		8EC455F91F7B558C008FD85E /* home.html in Resources */ = {isa = PBXBuildFile; fileRef = 8EC455F81F7B558A008FD85E /* home.html */; };
		8EC455FB1F7B8521008FD85E /* camera.html in Resources */ = {isa = PBXBuildFile; fileRef = 8EC455FA1F7B8521008FD85E /* camera.html */; };
/* End PBXBuildFile section */

/* Begin PBXFileReference section */
		8EC453E81F74E1B1008FD85E /* 2017.9.22-demo.app */ = {isa = PBXFileReference; explicitFileType = wrapper.application; includeInIndex = 0; path = "2017.9.22-demo.app"; sourceTree = BUILT_PRODUCTS_DIR; };
		8EC453EC1F74E1B1008FD85E /* main.m */ = {isa = PBXFileReference; lastKnownFileType = sourcecode.c.objc; path = main.m; sourceTree = "<group>"; };
		8EC453EE1F74E1B1008FD85E /* AppDelegate.h */ = {isa = PBXFileReference; lastKnownFileType = sourcecode.c.h; path = AppDelegate.h; sourceTree = "<group>"; };
		8EC453EF1F74E1B1008FD85E /* AppDelegate.m */ = {isa = PBXFileReference; lastKnownFileType = sourcecode.c.objc; path = AppDelegate.m; sourceTree = "<group>"; };
		8EC453F11F74E1B1008FD85E /* ViewController.h */ = {isa = PBXFileReference; lastKnownFileType = sourcecode.c.h; path = ViewController.h; sourceTree = "<group>"; };
		8EC453F21F74E1B1008FD85E /* ViewController.m */ = {isa = PBXFileReference; lastKnownFileType = sourcecode.c.objc; path = ViewController.m; sourceTree = "<group>"; };
		8EC453F51F74E1B1008FD85E /* Base */ = {isa = PBXFileReference; lastKnownFileType = file.storyboard; name = Base; path = Base.lproj/Main.storyboard; sourceTree = "<group>"; };
		8EC453F71F74E1B1008FD85E /* Assets.xcassets */ = {isa = PBXFileReference; lastKnownFileType = folder.assetcatalog; path = Assets.xcassets; sourceTree = "<group>"; };
		8EC453FA1F74E1B2008FD85E /* Base */ = {isa = PBXFileReference; lastKnownFileType = file.storyboard; name = Base; path = Base.lproj/LaunchScreen.storyboard; sourceTree = "<group>"; };
		8EC453FC1F74E1B2008FD85E /* Info.plist */ = {isa = PBXFileReference; lastKnownFileType = text.plist.xml; path = Info.plist; sourceTree = "<group>"; };
		8EC455DD1F7501B0008FD85E /* .project */ = {isa = PBXFileReference; fileEncoding = 4; lastKnownFileType = text.xml; path = .project; sourceTree = "<group>"; };
		8EC455E11F7501B0008FD85E /* index.html */ = {isa = PBXFileReference; fileEncoding = 4; lastKnownFileType = text.html; path = index.html; sourceTree = "<group>"; };
		8EC455EE1F75086A008FD85E /* img */ = {isa = PBXFileReference; lastKnownFileType = folder; path = img; sourceTree = "<group>"; };
		8EC455F21F7A1E90008FD85E /* NextViewController.h */ = {isa = PBXFileReference; fileEncoding = 4; lastKnownFileType = sourcecode.c.h; path = NextViewController.h; sourceTree = "<group>"; };
		8EC455F31F7A1E90008FD85E /* NextViewController.m */ = {isa = PBXFileReference; fileEncoding = 4; lastKnownFileType = sourcecode.c.objc; path = NextViewController.m; sourceTree = "<group>"; };
		8EC455F51F7A2684008FD85E /* CustomView.h */ = {isa = PBXFileReference; fileEncoding = 4; lastKnownFileType = sourcecode.c.h; path = CustomView.h; sourceTree = "<group>"; };
		8EC455F61F7A2684008FD85E /* CustomView.m */ = {isa = PBXFileReference; fileEncoding = 4; lastKnownFileType = sourcecode.c.objc; path = CustomView.m; sourceTree = "<group>"; };
		8EC455F81F7B558A008FD85E /* home.html */ = {isa = PBXFileReference; fileEncoding = 4; lastKnownFileType = text.html; path = home.html; sourceTree = "<group>"; };
		8EC455FA1F7B8521008FD85E /* camera.html */ = {isa = PBXFileReference; fileEncoding = 4; lastKnownFileType = text.html; path = camera.html; sourceTree = "<group>"; };
/* End PBXFileReference section */

/* Begin PBXFrameworksBuildPhase section */
		8EC453E51F74E1B1008FD85E /* Frameworks */ = {
			isa = PBXFrameworksBuildPhase;
			buildActionMask = 2147483647;
			files = (
			);
			runOnlyForDeploymentPostprocessing = 0;
		};
/* End PBXFrameworksBuildPhase section */

/* Begin PBXGroup section */
		8EC453DF1F74E1B1008FD85E = {
			isa = PBXGroup;
			children = (
				8EC455DC1F7501B0008FD85E /* hsy */,
				8EC453EA1F74E1B1008FD85E /* 2017.9.22-demo */,
				8EC453E91F74E1B1008FD85E /* Products */,
			);
			sourceTree = "<group>";
		};
		8EC453E91F74E1B1008FD85E /* Products */ = {
			isa = PBXGroup;
			children = (
				8EC453E81F74E1B1008FD85E /* 2017.9.22-demo.app */,
			);
			name = Products;
			sourceTree = "<group>";
		};
		8EC453EA1F74E1B1008FD85E /* 2017.9.22-demo */ = {
			isa = PBXGroup;
			children = (
				8EC453EE1F74E1B1008FD85E /* AppDelegate.h */,
				8EC453EF1F74E1B1008FD85E /* AppDelegate.m */,
				8EC453F11F74E1B1008FD85E /* ViewController.h */,
				8EC453F21F74E1B1008FD85E /* ViewController.m */,
				8EC453F41F74E1B1008FD85E /* Main.storyboard */,
				8EC455F21F7A1E90008FD85E /* NextViewController.h */,
				8EC455F31F7A1E90008FD85E /* NextViewController.m */,
				8EC455F51F7A2684008FD85E /* CustomView.h */,
				8EC455F61F7A2684008FD85E /* CustomView.m */,
				8EC453F71F74E1B1008FD85E /* Assets.xcassets */,
				8EC453F91F74E1B2008FD85E /* LaunchScreen.storyboard */,
				8EC453FC1F74E1B2008FD85E /* Info.plist */,
				8EC453EB1F74E1B1008FD85E /* Supporting Files */,
			);
			path = "2017.9.22-demo";
			sourceTree = "<group>";
		};
		8EC453EB1F74E1B1008FD85E /* Supporting Files */ = {
			isa = PBXGroup;
			children = (
				8EC453EC1F74E1B1008FD85E /* main.m */,
				8EC455F81F7B558A008FD85E /* home.html */,
				8EC455FA1F7B8521008FD85E /* camera.html */,
			);
			name = "Supporting Files";
			sourceTree = "<group>";
		};
		8EC455DC1F7501B0008FD85E /* hsy */ = {
			isa = PBXGroup;
			children = (
				8EC455DD1F7501B0008FD85E /* .project */,
				8EC455EE1F75086A008FD85E /* img */,
				8EC455DE1F7501B0008FD85E /* css */,
				8EC455E11F7501B0008FD85E /* index.html */,
				8EC455E21F7501B0008FD85E /* js */,
			);
			name = hsy;
			path = "2017.9.22-demo/hsy";
			sourceTree = "<group>";
		};
		8EC455DE1F7501B0008FD85E /* css */ = {
			isa = PBXGroup;
			children = (
			);
			path = css;
			sourceTree = "<group>";
		};
		8EC455E21F7501B0008FD85E /* js */ = {
			isa = PBXGroup;
			children = (
			);
			path = js;
			sourceTree = "<group>";
		};
/* End PBXGroup section */

/* Begin PBXNativeTarget section */
		8EC453E71F74E1B1008FD85E /* 2017.9.22-demo */ = {
			isa = PBXNativeTarget;
			buildConfigurationList = 8EC453FF1F74E1B2008FD85E /* Build configuration list for PBXNativeTarget "2017.9.22-demo" */;
			buildPhases = (
				8EC453E41F74E1B1008FD85E /* Sources */,
				8EC453E51F74E1B1008FD85E /* Frameworks */,
				8EC453E61F74E1B1008FD85E /* Resources */,
			);
			buildRules = (
			);
			dependencies = (
			);
			name = "2017.9.22-demo";
			productName = "2017.9.22-demo";
			productReference = 8EC453E81F74E1B1008FD85E /* 2017.9.22-demo.app */;
			productType = "com.apple.product-type.application";
		};
/* End PBXNativeTarget section */

/* Begin PBXProject section */
		8EC453E01F74E1B1008FD85E /* Project object */ = {
			isa = PBXProject;
			attributes = {
				LastUpgradeCheck = 0830;
				ORGANIZATIONNAME = chaojie;
				TargetAttributes = {
					8EC453E71F74E1B1008FD85E = {
						CreatedOnToolsVersion = 8.3.1;
						DevelopmentTeam = SQH5JS2X8A;
						ProvisioningStyle = Automatic;
					};
				};
			};
			buildConfigurationList = 8EC453E31F74E1B1008FD85E /* Build configuration list for PBXProject "2017.9.22-demo" */;
			compatibilityVersion = "Xcode 3.2";
			developmentRegion = English;
			hasScannedForEncodings = 0;
			knownRegions = (
				en,
				Base,
			);
			mainGroup = 8EC453DF1F74E1B1008FD85E;
			productRefGroup = 8EC453E91F74E1B1008FD85E /* Products */;
			projectDirPath = "";
			projectRoot = "";
			targets = (
				8EC453E71F74E1B1008FD85E /* 2017.9.22-demo */,
			);
		};
/* End PBXProject section */

/* Begin PBXResourcesBuildPhase section */
		8EC453E61F74E1B1008FD85E /* Resources */ = {
			isa = PBXResourcesBuildPhase;
			buildActionMask = 2147483647;
			files = (
				8EC455F91F7B558C008FD85E /* home.html in Resources */,
				8EC455EF1F75086A008FD85E /* img in Resources */,
				8EC455E51F7501B0008FD85E /* index.html in Resources */,
				8EC453FB1F74E1B2008FD85E /* LaunchScreen.storyboard in Resources */,
				8EC455E31F7501B0008FD85E /* .project in Resources */,
				8EC453F81F74E1B1008FD85E /* Assets.xcassets in Resources */,
				8EC453F61F74E1B1008FD85E /* Main.storyboard in Resources */,
				8EC455FB1F7B8521008FD85E /* camera.html in Resources */,
			);
			runOnlyForDeploymentPostprocessing = 0;
		};
/* End PBXResourcesBuildPhase section */

/* Begin PBXSourcesBuildPhase section */
		8EC453E41F74E1B1008FD85E /* Sources */ = {
			isa = PBXSourcesBuildPhase;
			buildActionMask = 2147483647;
			files = (
				8EC455F71F7A2684008FD85E /* CustomView.m in Sources */,
				8EC453F31F74E1B1008FD85E /* ViewController.m in Sources */,
				8EC455F41F7A1E91008FD85E /* NextViewController.m in Sources */,
				8EC453F01F74E1B1008FD85E /* AppDelegate.m in Sources */,
				8EC453ED1F74E1B1008FD85E /* main.m in Sources */,
			);
			runOnlyForDeploymentPostprocessing = 0;
		};
/* End PBXSourcesBuildPhase section */

/* Begin PBXVariantGroup section */
		8EC453F41F74E1B1008FD85E /* Main.storyboard */ = {
			isa = PBXVariantGroup;
			children = (
				8EC453F51F74E1B1008FD85E /* Base */,
			);
			name = Main.storyboard;
			sourceTree = "<group>";
		};
		8EC453F91F74E1B2008FD85E /* LaunchScreen.storyboard */ = {
			isa = PBXVariantGroup;
			children = (
				8EC453FA1F74E1B2008FD85E /* Base */,
			);
			name = LaunchScreen.storyboard;
			sourceTree = "<group>";
		};
/* End PBXVariantGroup section */

/* Begin XCBuildConfiguration section */
		8EC453FD1F74E1B2008FD85E /* Debug */ = {
			isa = XCBuildConfiguration;
			buildSettings = {
				ALWAYS_SEARCH_USER_PATHS = NO;
				CLANG_ANALYZER_NONNULL = YES;
				CLANG_ANALYZER_NUMBER_OBJECT_CONVERSION = YES_AGGRESSIVE;
				CLANG_CXX_LANGUAGE_STANDARD = "gnu++0x";
				CLANG_CXX_LIBRARY = "libc++";
				CLANG_ENABLE_MODULES = YES;
				CLANG_ENABLE_OBJC_ARC = YES;
				CLANG_WARN_BOOL_CONVERSION = YES;
				CLANG_WARN_CONSTANT_CONVERSION = YES;
				CLANG_WARN_DIRECT_OBJC_ISA_USAGE = YES_ERROR;
				CLANG_WARN_DOCUMENTATION_COMMENTS = YES;
				CLANG_WARN_EMPTY_BODY = YES;
				CLANG_WARN_ENUM_CONVERSION = YES;
				CLANG_WARN_INFINITE_RECURSION = YES;
				CLANG_WARN_INT_CONVERSION = YES;
				CLANG_WARN_OBJC_ROOT_CLASS = YES_ERROR;
				CLANG_WARN_SUSPICIOUS_MOVE = YES;
				CLANG_WARN_UNREACHABLE_CODE = YES;
				CLANG_WARN__DUPLICATE_METHOD_MATCH = YES;
				"CODE_SIGN_IDENTITY[sdk=iphoneos*]" = "iPhone Developer";
				COPY_PHASE_STRIP = NO;
				DEBUG_INFORMATION_FORMAT = dwarf;
				ENABLE_STRICT_OBJC_MSGSEND = YES;
				ENABLE_TESTABILITY = YES;
				GCC_C_LANGUAGE_STANDARD = gnu99;
				GCC_DYNAMIC_NO_PIC = NO;
				GCC_NO_COMMON_BLOCKS = YES;
				GCC_OPTIMIZATION_LEVEL = 0;
				GCC_PREPROCESSOR_DEFINITIONS = (
					"DEBUG=1",
					"$(inherited)",
				);
				GCC_WARN_64_TO_32_BIT_CONVERSION = YES;
				GCC_WARN_ABOUT_RETURN_TYPE = YES_ERROR;
				GCC_WARN_UNDECLARED_SELECTOR = YES;
				GCC_WARN_UNINITIALIZED_AUTOS = YES_AGGRESSIVE;
				GCC_WARN_UNUSED_FUNCTION = YES;
				GCC_WARN_UNUSED_VARIABLE = YES;
				IPHONEOS_DEPLOYMENT_TARGET = 10.3;
				MTL_ENABLE_DEBUG_INFO = YES;
				ONLY_ACTIVE_ARCH = YES;
				SDKROOT = iphoneos;
				TARGETED_DEVICE_FAMILY = "1,2";
			};
			name = Debug;
		};
		8EC453FE1F74E1B2008FD85E /* Release */ = {
			isa = XCBuildConfiguration;
			buildSettings = {
				ALWAYS_SEARCH_USER_PATHS = NO;
				CLANG_ANALYZER_NONNULL = YES;
				CLANG_ANALYZER_NUMBER_OBJECT_CONVERSION = YES_AGGRESSIVE;
				CLANG_CXX_LANGUAGE_STANDARD = "gnu++0x";
				CLANG_CXX_LIBRARY = "libc++";
				CLANG_ENABLE_MODULES = YES;
				CLANG_ENABLE_OBJC_ARC = YES;
				CLANG_WARN_BOOL_CONVERSION = YES;
				CLANG_WARN_CONSTANT_CONVERSION = YES;
				CLANG_WARN_DIRECT_OBJC_ISA_USAGE = YES_ERROR;
				CLANG_WARN_DOCUMENTATION_COMMENTS = YES;
				CLANG_WARN_EMPTY_BODY = YES;
				CLANG_WARN_ENUM_CONVERSION = YES;
				CLANG_WARN_INFINITE_RECURSION = YES;
				CLANG_WARN_INT_CONVERSION = YES;
				CLANG_WARN_OBJC_ROOT_CLASS = YES_ERROR;
				CLANG_WARN_SUSPICIOUS_MOVE = YES;
				CLANG_WARN_UNREACHABLE_CODE = YES;
				CLANG_WARN__DUPLICATE_METHOD_MATCH = YES;
				"CODE_SIGN_IDENTITY[sdk=iphoneos*]" = "iPhone Developer";
				COPY_PHASE_STRIP = NO;
				DEBUG_INFORMATION_FORMAT = "dwarf-with-dsym";
				ENABLE_NS_ASSERTIONS = NO;
				ENABLE_STRICT_OBJC_MSGSEND = YES;
				GCC_C_LANGUAGE_STANDARD = gnu99;
				GCC_NO_COMMON_BLOCKS = YES;
				GCC_WARN_64_TO_32_BIT_CONVERSION = YES;
				GCC_WARN_ABOUT_RETURN_TYPE = YES_ERROR;
				GCC_WARN_UNDECLARED_SELECTOR = YES;
				GCC_WARN_UNINITIALIZED_AUTOS = YES_AGGRESSIVE;
				GCC_WARN_UNUSED_FUNCTION = YES;
				GCC_WARN_UNUSED_VARIABLE = YES;
				IPHONEOS_DEPLOYMENT_TARGET = 10.3;
				MTL_ENABLE_DEBUG_INFO = NO;
				SDKROOT = iphoneos;
				TARGETED_DEVICE_FAMILY = "1,2";
				VALIDATE_PRODUCT = YES;
			};
			name = Release;
		};
		8EC454001F74E1B2008FD85E /* Debug */ = {
			isa = XCBuildConfiguration;
			buildSettings = {
				ASSETCATALOG_COMPILER_APPICON_NAME = AppIcon;
				DEVELOPMENT_TEAM = SQH5JS2X8A;
				INFOPLIST_FILE = "2017.9.22-demo/Info.plist";
				LD_RUNPATH_SEARCH_PATHS = "$(inherited) @executable_path/Frameworks";
				PRODUCT_BUNDLE_IDENTIFIER = "com.hsy.-017-9-22-demo";
				PRODUCT_NAME = "$(TARGET_NAME)";
			};
			name = Debug;
		};
		8EC454011F74E1B2008FD85E /* Release */ = {
			isa = XCBuildConfiguration;
			buildSettings = {
				ASSETCATALOG_COMPILER_APPICON_NAME = AppIcon;
				DEVELOPMENT_TEAM = SQH5JS2X8A;
				INFOPLIST_FILE = "2017.9.22-demo/Info.plist";
				LD_RUNPATH_SEARCH_PATHS = "$(inherited) @executable_path/Frameworks";
				PRODUCT_BUNDLE_IDENTIFIER = "com.hsy.-017-9-22-demo";
				PRODUCT_NAME = "$(TARGET_NAME)";
			};
			name = Release;
		};
/* End XCBuildConfiguration section */

/* Begin XCConfigurationList section */
		8EC453E31F74E1B1008FD85E /* Build configuration list for PBXProject "2017.9.22-demo" */ = {
			isa = XCConfigurationList;
			buildConfigurations = (
				8EC453FD1F74E1B2008FD85E /* Debug */,
				8EC453FE1F74E1B2008FD85E /* Release */,
			);
			defaultConfigurationIsVisible = 0;
			defaultConfigurationName = Release;
		};
		8EC453FF1F74E1B2008FD85E /* Build configuration list for PBXNativeTarget "2017.9.22-demo" */ = {
			isa = XCConfigurationList;
			buildConfigurations = (
				8EC454001F74E1B2008FD85E /* Debug */,
				8EC454011F74E1B2008FD85E /* Release */,
			);
			defaultConfigurationIsVisible = 0;
		};
/* End XCConfigurationList section */
	};
	rootObject = 8EC453E01F74E1B1008FD85E /* Project object */;
}
